dependencies:
  co: 4.6.0
  cookie: 0.2.4
lockfileVersion: 5.1
packages:
  /co/4.6.0:
    dev: false
    engines:
      iojs: '>= 1.0.0'
      node: '>= 0.12.0'
    resolution:
      integrity: sha1-bqa989hTrlTMuOR7+gvz+QMfsYQ=
  /cookie/0.2.4:
    dev: false
    engines:
      node: '>= 0.6'
    resolution:
      integrity: sha1-qMFVqnubLPLE0y68e5oKoojMxr0=
specifiers:
  co: ^4.6.0
  cookie: ^0.2.4
